
Microsoft Visual Studio Solution File, Format Version 12.00
# Visual Studio Version 17
VisualStudioVersion = 17.5.33530.505
MinimumVisualStudioVersion = 10.0.40219.1
Project("{FAE04EC0-301F-11D3-BF4B-00C04F79EFBC}") = "01-TesteLogicaDeProgramacao", "01-TesteLogicaDeProgramacao\01-TesteLogicaDeProgramacao.csproj", "{387221F4-9F49-4A8B-8426-BA61D82B9139}"
EndProject
Global
	GlobalSection(SolutionConfigurationPlatforms) = preSolution
		Debug|Any CPU = Debug|Any CPU
		Release|Any CPU = Release|Any CPU
	EndGlobalSection
	GlobalSection(ProjectConfigurationPlatforms) = postSolution
		{387221F4-9F49-4A8B-8426-BA61D82B9139}.Debug|Any CPU.ActiveCfg = Debug|Any CPU
		{387221F4-9F49-4A8B-8426-BA61D82B9139}.Debug|Any CPU.Build.0 = Debug|Any CPU
		{387221F4-9F49-4A8B-8426-BA61D82B9139}.Release|Any CPU.ActiveCfg = Release|Any CPU
		{387221F4-9F49-4A8B-8426-BA61D82B9139}.Release|Any CPU.Build.0 = Release|Any CPU
	EndGlobalSection
	GlobalSection(SolutionProperties) = preSolution
		HideSolutionNode = FALSE
	EndGlobalSection
	GlobalSection(ExtensibilityGlobals) = postSolution
		SolutionGuid = {8A7DCE02-D3A9-42C0-8ECD-16ED76D78B63}
	EndGlobalSection
EndGlobal
